
Microsoft Visual Studio Solution File, Format Version 12.00
# Visual Studio 2013
VisualStudioVersion = 12.0.30723.0
MinimumVisualStudioVersion = 10.0.40219.1
Project("{FAE04EC0-301F-11D3-BF4B-00C04F79EFBC}") = "CONEISC.AMS.Core", "CONEISC.AMS.Core\CONEISC.AMS.Core.csproj", "{A9DD9187-2CDE-4C72-B337-64320E7103B1}"
EndProject
Project("{FAE04EC0-301F-11D3-BF4B-00C04F79EFBC}") = "CONEISC.AMS.WP", "CONEISC.AMS.WP\CONEISC.AMS.WP.csproj", "{83CB8903-3930-4F14-8381-8FE95BAF7D2A}"
EndProject
Project("{FAE04EC0-301F-11D3-BF4B-00C04F79EFBC}") = "CONEISC.AMS.W8_1", "CONEISC.AMS.W8_1\CONEISC.AMS.W8_1.csproj", "{07ACE27F-4E8E-435B-9974-D767257E57CE}"
EndProject
Project("{FAE04EC0-301F-11D3-BF4B-00C04F79EFBC}") = "CONEISC.AMS.Android", "CONEISC.AMS.Android\CONEISC.AMS.Android.csproj", "{C3DFA765-C5F2-4653-8649-5AD6EB88EF49}"
EndProject
Global
	GlobalSection(SolutionConfigurationPlatforms) = preSolution
		Ad-Hoc|Any CPU = Ad-Hoc|Any CPU
		Ad-Hoc|ARM = Ad-Hoc|ARM
		Ad-Hoc|iPhone = Ad-Hoc|iPhone
		Ad-Hoc|iPhoneSimulator = Ad-Hoc|iPhoneSimulator
		Ad-Hoc|Mixed Platforms = Ad-Hoc|Mixed Platforms
		Ad-Hoc|x64 = Ad-Hoc|x64
		Ad-Hoc|x86 = Ad-Hoc|x86
		AppStore|Any CPU = AppStore|Any CPU
		AppStore|ARM = AppStore|ARM
		AppStore|iPhone = AppStore|iPhone
		AppStore|iPhoneSimulator = AppStore|iPhoneSimulator
		AppStore|Mixed Platforms = AppStore|Mixed Platforms
		AppStore|x64 = AppStore|x64
		AppStore|x86 = AppStore|x86
		Debug|Any CPU = Debug|Any CPU
		Debug|ARM = Debug|ARM
		Debug|iPhone = Debug|iPhone
		Debug|iPhoneSimulator = Debug|iPhoneSimulator
		Debug|Mixed Platforms = Debug|Mixed Platforms
		Debug|x64 = Debug|x64
		Debug|x86 = Debug|x86
		Release|Any CPU = Release|Any CPU
		Release|ARM = Release|ARM
		Release|iPhone = Release|iPhone
		Release|iPhoneSimulator = Release|iPhoneSimulator
		Release|Mixed Platforms = Release|Mixed Platforms
		Release|x64 = Release|x64
		Release|x86 = Release|x86
	EndGlobalSection
	GlobalSection(ProjectConfigurationPlatforms) = postSolution
		{A9DD9187-2CDE-4C72-B337-64320E7103B1}.Ad-Hoc|Any CPU.ActiveCfg = Release|Any CPU
		{A9DD9187-2CDE-4C72-B337-64320E7103B1}.Ad-Hoc|Any CPU.Build.0 = Release|Any CPU
		{A9DD9187-2CDE-4C72-B337-64320E7103B1}.Ad-Hoc|ARM.ActiveCfg = Release|Any CPU
		{A9DD9187-2CDE-4C72-B337-64320E7103B1}.Ad-Hoc|iPhone.ActiveCfg = Release|Any CPU
		{A9DD9187-2CDE-4C72-B337-64320E7103B1}.Ad-Hoc|iPhoneSimulator.ActiveCfg = Release|Any CPU
		{A9DD9187-2CDE-4C72-B337-64320E7103B1}.Ad-Hoc|Mixed Platforms.ActiveCfg = Release|Any CPU
		{A9DD9187-2CDE-4C72-B337-64320E7103B1}.Ad-Hoc|Mixed Platforms.Build.0 = Release|Any CPU
		{A9DD9187-2CDE-4C72-B337-64320E7103B1}.Ad-Hoc|x64.ActiveCfg = Release|Any CPU
		{A9DD9187-2CDE-4C72-B337-64320E7103B1}.Ad-Hoc|x86.ActiveCfg = Release|Any CPU
		{A9DD9187-2CDE-4C72-B337-64320E7103B1}.AppStore|Any CPU.ActiveCfg = Release|Any CPU
		{A9DD9187-2CDE-4C72-B337-64320E7103B1}.AppStore|Any CPU.Build.0 = Release|Any CPU
		{A9DD9187-2CDE-4C72-B337-64320E7103B1}.AppStore|ARM.ActiveCfg = Release|Any CPU
		{A9DD9187-2CDE-4C72-B337-64320E7103B1}.AppStore|iPhone.ActiveCfg = Release|Any CPU
		{A9DD9187-2CDE-4C72-B337-64320E7103B1}.AppStore|iPhoneSimulator.ActiveCfg = Release|Any CPU
		{A9DD9187-2CDE-4C72-B337-64320E7103B1}.AppStore|Mixed Platforms.ActiveCfg = Release|Any CPU
		{A9DD9187-2CDE-4C72-B337-64320E7103B1}.AppStore|Mixed Platforms.Build.0 = Release|Any CPU
		{A9DD9187-2CDE-4C72-B337-64320E7103B1}.AppStore|x64.ActiveCfg = Release|Any CPU
		{A9DD9187-2CDE-4C72-B337-64320E7103B1}.AppStore|x86.ActiveCfg = Release|Any CPU
		{A9DD9187-2CDE-4C72-B337-64320E7103B1}.Debug|Any CPU.ActiveCfg = Debug|Any CPU
		{A9DD9187-2CDE-4C72-B337-64320E7103B1}.Debug|Any CPU.Build.0 = Debug|Any CPU
		{A9DD9187-2CDE-4C72-B337-64320E7103B1}.Debug|ARM.ActiveCfg = Debug|Any CPU
		{A9DD9187-2CDE-4C72-B337-64320E7103B1}.Debug|iPhone.ActiveCfg = Debug|Any CPU
		{A9DD9187-2CDE-4C72-B337-64320E7103B1}.Debug|iPhoneSimulator.ActiveCfg = Debug|Any CPU
		{A9DD9187-2CDE-4C72-B337-64320E7103B1}.Debug|Mixed Platforms.ActiveCfg = Debug|Any CPU
		{A9DD9187-2CDE-4C72-B337-64320E7103B1}.Debug|Mixed Platforms.Build.0 = Debug|Any CPU
		{A9DD9187-2CDE-4C72-B337-64320E7103B1}.Debug|x64.ActiveCfg = Debug|Any CPU
		{A9DD9187-2CDE-4C72-B337-64320E7103B1}.Debug|x86.ActiveCfg = Debug|Any CPU
		{A9DD9187-2CDE-4C72-B337-64320E7103B1}.Release|Any CPU.ActiveCfg = Release|Any CPU
		{A9DD9187-2CDE-4C72-B337-64320E7103B1}.Release|Any CPU.Build.0 = Release|Any CPU
		{A9DD9187-2CDE-4C72-B337-64320E7103B1}.Release|ARM.ActiveCfg = Release|Any CPU
		{A9DD9187-2CDE-4C72-B337-64320E7103B1}.Release|iPhone.ActiveCfg = Release|Any CPU
		{A9DD9187-2CDE-4C72-B337-64320E7103B1}.Release|iPhoneSimulator.ActiveCfg = Release|Any CPU
		{A9DD9187-2CDE-4C72-B337-64320E7103B1}.Release|Mixed Platforms.ActiveCfg = Release|Any CPU
		{A9DD9187-2CDE-4C72-B337-64320E7103B1}.Release|Mixed Platforms.Build.0 = Release|Any CPU
		{A9DD9187-2CDE-4C72-B337-64320E7103B1}.Release|x64.ActiveCfg = Release|Any CPU
		{A9DD9187-2CDE-4C72-B337-64320E7103B1}.Release|x86.ActiveCfg = Release|Any CPU
		{83CB8903-3930-4F14-8381-8FE95BAF7D2A}.Ad-Hoc|Any CPU.ActiveCfg = Release|Any CPU
		{83CB8903-3930-4F14-8381-8FE95BAF7D2A}.Ad-Hoc|Any CPU.Build.0 = Release|Any CPU
		{83CB8903-3930-4F14-8381-8FE95BAF7D2A}.Ad-Hoc|Any CPU.Deploy.0 = Release|Any CPU
		{83CB8903-3930-4F14-8381-8FE95BAF7D2A}.Ad-Hoc|ARM.ActiveCfg = Release|ARM
		{83CB8903-3930-4F14-8381-8FE95BAF7D2A}.Ad-Hoc|ARM.Build.0 = Release|ARM
		{83CB8903-3930-4F14-8381-8FE95BAF7D2A}.Ad-Hoc|ARM.Deploy.0 = Release|ARM
		{83CB8903-3930-4F14-8381-8FE95BAF7D2A}.Ad-Hoc|iPhone.ActiveCfg = Release|Any CPU
		{83CB8903-3930-4F14-8381-8FE95BAF7D2A}.Ad-Hoc|iPhoneSimulator.ActiveCfg = Release|Any CPU
		{83CB8903-3930-4F14-8381-8FE95BAF7D2A}.Ad-Hoc|Mixed Platforms.ActiveCfg = Release|x86
		{83CB8903-3930-4F14-8381-8FE95BAF7D2A}.Ad-Hoc|Mixed Platforms.Build.0 = Release|x86
		{83CB8903-3930-4F14-8381-8FE95BAF7D2A}.Ad-Hoc|Mixed Platforms.Deploy.0 = Release|x86
		{83CB8903-3930-4F14-8381-8FE95BAF7D2A}.Ad-Hoc|x64.ActiveCfg = Release|Any CPU
		{83CB8903-3930-4F14-8381-8FE95BAF7D2A}.Ad-Hoc|x86.ActiveCfg = Release|x86
		{83CB8903-3930-4F14-8381-8FE95BAF7D2A}.Ad-Hoc|x86.Build.0 = Release|x86
		{83CB8903-3930-4F14-8381-8FE95BAF7D2A}.Ad-Hoc|x86.Deploy.0 = Release|x86
		{83CB8903-3930-4F14-8381-8FE95BAF7D2A}.AppStore|Any CPU.ActiveCfg = Release|Any CPU
		{83CB8903-3930-4F14-8381-8FE95BAF7D2A}.AppStore|Any CPU.Build.0 = Release|Any CPU
		{83CB8903-3930-4F14-8381-8FE95BAF7D2A}.AppStore|Any CPU.Deploy.0 = Release|Any CPU
		{83CB8903-3930-4F14-8381-8FE95BAF7D2A}.AppStore|ARM.ActiveCfg = Release|ARM
		{83CB8903-3930-4F14-8381-8FE95BAF7D2A}.AppStore|ARM.Build.0 = Release|ARM
		{83CB8903-3930-4F14-8381-8FE95BAF7D2A}.AppStore|ARM.Deploy.0 = Release|ARM
		{83CB8903-3930-4F14-8381-8FE95BAF7D2A}.AppStore|iPhone.ActiveCfg = Release|Any CPU
		{83CB8903-3930-4F14-8381-8FE95BAF7D2A}.AppStore|iPhoneSimulator.ActiveCfg = Release|Any CPU
		{83CB8903-3930-4F14-8381-8FE95BAF7D2A}.AppStore|Mixed Platforms.ActiveCfg = Release|x86
		{83CB8903-3930-4F14-8381-8FE95BAF7D2A}.AppStore|Mixed Platforms.Build.0 = Release|x86
		{83CB8903-3930-4F14-8381-8FE95BAF7D2A}.AppStore|Mixed Platforms.Deploy.0 = Release|x86
		{83CB8903-3930-4F14-8381-8FE95BAF7D2A}.AppStore|x64.ActiveCfg = Release|Any CPU
		{83CB8903-3930-4F14-8381-8FE95BAF7D2A}.AppStore|x86.ActiveCfg = Release|x86
		{83CB8903-3930-4F14-8381-8FE95BAF7D2A}.AppStore|x86.Build.0 = Release|x86
		{83CB8903-3930-4F14-8381-8FE95BAF7D2A}.AppStore|x86.Deploy.0 = Release|x86
		{83CB8903-3930-4F14-8381-8FE95BAF7D2A}.Debug|Any CPU.ActiveCfg = Debug|Any CPU
		{83CB8903-3930-4F14-8381-8FE95BAF7D2A}.Debug|Any CPU.Build.0 = Debug|Any CPU
		{83CB8903-3930-4F14-8381-8FE95BAF7D2A}.Debug|Any CPU.Deploy.0 = Debug|Any CPU
		{83CB8903-3930-4F14-8381-8FE95BAF7D2A}.Debug|ARM.ActiveCfg = Debug|ARM
		{83CB8903-3930-4F14-8381-8FE95BAF7D2A}.Debug|ARM.Build.0 = Debug|ARM
		{83CB8903-3930-4F14-8381-8FE95BAF7D2A}.Debug|ARM.Deploy.0 = Debug|ARM
		{83CB8903-3930-4F14-8381-8FE95BAF7D2A}.Debug|iPhone.ActiveCfg = Debug|Any CPU
		{83CB8903-3930-4F14-8381-8FE95BAF7D2A}.Debug|iPhoneSimulator.ActiveCfg = Debug|Any CPU
		{83CB8903-3930-4F14-8381-8FE95BAF7D2A}.Debug|Mixed Platforms.ActiveCfg = Debug|x86
		{83CB8903-3930-4F14-8381-8FE95BAF7D2A}.Debug|Mixed Platforms.Build.0 = Debug|x86
		{83CB8903-3930-4F14-8381-8FE95BAF7D2A}.Debug|Mixed Platforms.Deploy.0 = Debug|x86
		{83CB8903-3930-4F14-8381-8FE95BAF7D2A}.Debug|x64.ActiveCfg = Debug|Any CPU
		{83CB8903-3930-4F14-8381-8FE95BAF7D2A}.Debug|x86.ActiveCfg = Debug|x86
		{83CB8903-3930-4F14-8381-8FE95BAF7D2A}.Debug|x86.Build.0 = Debug|x86
		{83CB8903-3930-4F14-8381-8FE95BAF7D2A}.Debug|x86.Deploy.0 = Debug|x86
		{83CB8903-3930-4F14-8381-8FE95BAF7D2A}.Release|Any CPU.ActiveCfg = Release|Any CPU
		{83CB8903-3930-4F14-8381-8FE95BAF7D2A}.Release|Any CPU.Build.0 = Release|Any CPU
		{83CB8903-3930-4F14-8381-8FE95BAF7D2A}.Release|Any CPU.Deploy.0 = Release|Any CPU
		{83CB8903-3930-4F14-8381-8FE95BAF7D2A}.Release|ARM.ActiveCfg = Release|ARM
		{83CB8903-3930-4F14-8381-8FE95BAF7D2A}.Release|ARM.Build.0 = Release|ARM
		{83CB8903-3930-4F14-8381-8FE95BAF7D2A}.Release|ARM.Deploy.0 = Release|ARM
		{83CB8903-3930-4F14-8381-8FE95BAF7D2A}.Release|iPhone.ActiveCfg = Release|Any CPU
		{83CB8903-3930-4F14-8381-8FE95BAF7D2A}.Release|iPhoneSimulator.ActiveCfg = Release|Any CPU
		{83CB8903-3930-4F14-8381-8FE95BAF7D2A}.Release|Mixed Platforms.ActiveCfg = Release|x86
		{83CB8903-3930-4F14-8381-8FE95BAF7D2A}.Release|Mixed Platforms.Build.0 = Release|x86
		{83CB8903-3930-4F14-8381-8FE95BAF7D2A}.Release|Mixed Platforms.Deploy.0 = Release|x86
		{83CB8903-3930-4F14-8381-8FE95BAF7D2A}.Release|x64.ActiveCfg = Release|Any CPU
		{83CB8903-3930-4F14-8381-8FE95BAF7D2A}.Release|x86.ActiveCfg = Release|x86
		{83CB8903-3930-4F14-8381-8FE95BAF7D2A}.Release|x86.Build.0 = Release|x86
		{83CB8903-3930-4F14-8381-8FE95BAF7D2A}.Release|x86.Deploy.0 = Release|x86
		{07ACE27F-4E8E-435B-9974-D767257E57CE}.Ad-Hoc|Any CPU.ActiveCfg = Release|Any CPU
		{07ACE27F-4E8E-435B-9974-D767257E57CE}.Ad-Hoc|Any CPU.Build.0 = Release|Any CPU
		{07ACE27F-4E8E-435B-9974-D767257E57CE}.Ad-Hoc|Any CPU.Deploy.0 = Release|Any CPU
		{07ACE27F-4E8E-435B-9974-D767257E57CE}.Ad-Hoc|ARM.ActiveCfg = Release|ARM
		{07ACE27F-4E8E-435B-9974-D767257E57CE}.Ad-Hoc|ARM.Build.0 = Release|ARM
		{07ACE27F-4E8E-435B-9974-D767257E57CE}.Ad-Hoc|ARM.Deploy.0 = Release|ARM
		{07ACE27F-4E8E-435B-9974-D767257E57CE}.Ad-Hoc|iPhone.ActiveCfg = Release|Any CPU
		{07ACE27F-4E8E-435B-9974-D767257E57CE}.Ad-Hoc|iPhoneSimulator.ActiveCfg = Release|Any CPU
		{07ACE27F-4E8E-435B-9974-D767257E57CE}.Ad-Hoc|Mixed Platforms.ActiveCfg = Release|x86
		{07ACE27F-4E8E-435B-9974-D767257E57CE}.Ad-Hoc|Mixed Platforms.Build.0 = Release|x86
		{07ACE27F-4E8E-435B-9974-D767257E57CE}.Ad-Hoc|Mixed Platforms.Deploy.0 = Release|x86
		{07ACE27F-4E8E-435B-9974-D767257E57CE}.Ad-Hoc|x64.ActiveCfg = Release|x64
		{07ACE27F-4E8E-435B-9974-D767257E57CE}.Ad-Hoc|x64.Build.0 = Release|x64
		{07ACE27F-4E8E-435B-9974-D767257E57CE}.Ad-Hoc|x64.Deploy.0 = Release|x64
		{07ACE27F-4E8E-435B-9974-D767257E57CE}.Ad-Hoc|x86.ActiveCfg = Release|x86
		{07ACE27F-4E8E-435B-9974-D767257E57CE}.Ad-Hoc|x86.Build.0 = Release|x86
		{07ACE27F-4E8E-435B-9974-D767257E57CE}.Ad-Hoc|x86.Deploy.0 = Release|x86
		{07ACE27F-4E8E-435B-9974-D767257E57CE}.AppStore|Any CPU.ActiveCfg = Release|Any CPU
		{07ACE27F-4E8E-435B-9974-D767257E57CE}.AppStore|Any CPU.Build.0 = Release|Any CPU
		{07ACE27F-4E8E-435B-9974-D767257E57CE}.AppStore|Any CPU.Deploy.0 = Release|Any CPU
		{07ACE27F-4E8E-435B-9974-D767257E57CE}.AppStore|ARM.ActiveCfg = Release|ARM
		{07ACE27F-4E8E-435B-9974-D767257E57CE}.AppStore|ARM.Build.0 = Release|ARM
		{07ACE27F-4E8E-435B-9974-D767257E57CE}.AppStore|ARM.Deploy.0 = Release|ARM
		{07ACE27F-4E8E-435B-9974-D767257E57CE}.AppStore|iPhone.ActiveCfg = Release|Any CPU
		{07ACE27F-4E8E-435B-9974-D767257E57CE}.AppStore|iPhoneSimulator.ActiveCfg = Release|Any CPU
		{07ACE27F-4E8E-435B-9974-D767257E57CE}.AppStore|Mixed Platforms.ActiveCfg = Release|x86
		{07ACE27F-4E8E-435B-9974-D767257E57CE}.AppStore|Mixed Platforms.Build.0 = Release|x86
		{07ACE27F-4E8E-435B-9974-D767257E57CE}.AppStore|Mixed Platforms.Deploy.0 = Release|x86
		{07ACE27F-4E8E-435B-9974-D767257E57CE}.AppStore|x64.ActiveCfg = Release|x64
		{07ACE27F-4E8E-435B-9974-D767257E57CE}.AppStore|x64.Build.0 = Release|x64
		{07ACE27F-4E8E-435B-9974-D767257E57CE}.AppStore|x64.Deploy.0 = Release|x64
		{07ACE27F-4E8E-435B-9974-D767257E57CE}.AppStore|x86.ActiveCfg = Release|x86
		{07ACE27F-4E8E-435B-9974-D767257E57CE}.AppStore|x86.Build.0 = Release|x86
		{07ACE27F-4E8E-435B-9974-D767257E57CE}.AppStore|x86.Deploy.0 = Release|x86
		{07ACE27F-4E8E-435B-9974-D767257E57CE}.Debug|Any CPU.ActiveCfg = Debug|Any CPU
		{07ACE27F-4E8E-435B-9974-D767257E57CE}.Debug|Any CPU.Build.0 = Debug|Any CPU
		{07ACE27F-4E8E-435B-9974-D767257E57CE}.Debug|Any CPU.Deploy.0 = Debug|Any CPU
		{07ACE27F-4E8E-435B-9974-D767257E57CE}.Debug|ARM.ActiveCfg = Debug|ARM
		{07ACE27F-4E8E-435B-9974-D767257E57CE}.Debug|ARM.Build.0 = Debug|ARM
		{07ACE27F-4E8E-435B-9974-D767257E57CE}.Debug|ARM.Deploy.0 = Debug|ARM
		{07ACE27F-4E8E-435B-9974-D767257E57CE}.Debug|iPhone.ActiveCfg = Debug|Any CPU
		{07ACE27F-4E8E-435B-9974-D767257E57CE}.Debug|iPhoneSimulator.ActiveCfg = Debug|Any CPU
		{07ACE27F-4E8E-435B-9974-D767257E57CE}.Debug|Mixed Platforms.ActiveCfg = Debug|Any CPU
		{07ACE27F-4E8E-435B-9974-D767257E57CE}.Debug|Mixed Platforms.Build.0 = Debug|Any CPU
		{07ACE27F-4E8E-435B-9974-D767257E57CE}.Debug|Mixed Platforms.Deploy.0 = Debug|Any CPU
		{07ACE27F-4E8E-435B-9974-D767257E57CE}.Debug|x64.ActiveCfg = Debug|x64
		{07ACE27F-4E8E-435B-9974-D767257E57CE}.Debug|x64.Build.0 = Debug|x64
		{07ACE27F-4E8E-435B-9974-D767257E57CE}.Debug|x64.Deploy.0 = Debug|x64
		{07ACE27F-4E8E-435B-9974-D767257E57CE}.Debug|x86.ActiveCfg = Debug|x86
		{07ACE27F-4E8E-435B-9974-D767257E57CE}.Debug|x86.Build.0 = Debug|x86
		{07ACE27F-4E8E-435B-9974-D767257E57CE}.Debug|x86.Deploy.0 = Debug|x86
		{07ACE27F-4E8E-435B-9974-D767257E57CE}.Release|Any CPU.ActiveCfg = Release|Any CPU
		{07ACE27F-4E8E-435B-9974-D767257E57CE}.Release|Any CPU.Build.0 = Release|Any CPU
		{07ACE27F-4E8E-435B-9974-D767257E57CE}.Release|Any CPU.Deploy.0 = Release|Any CPU
		{07ACE27F-4E8E-435B-9974-D767257E57CE}.Release|ARM.ActiveCfg = Release|ARM
		{07ACE27F-4E8E-435B-9974-D767257E57CE}.Release|ARM.Build.0 = Release|ARM
		{07ACE27F-4E8E-435B-9974-D767257E57CE}.Release|ARM.Deploy.0 = Release|ARM
		{07ACE27F-4E8E-435B-9974-D767257E57CE}.Release|iPhone.ActiveCfg = Release|Any CPU
		{07ACE27F-4E8E-435B-9974-D767257E57CE}.Release|iPhoneSimulator.ActiveCfg = Release|Any CPU
		{07ACE27F-4E8E-435B-9974-D767257E57CE}.Release|Mixed Platforms.ActiveCfg = Release|x86
		{07ACE27F-4E8E-435B-9974-D767257E57CE}.Release|Mixed Platforms.Build.0 = Release|x86
		{07ACE27F-4E8E-435B-9974-D767257E57CE}.Release|Mixed Platforms.Deploy.0 = Release|x86
		{07ACE27F-4E8E-435B-9974-D767257E57CE}.Release|x64.ActiveCfg = Release|x64
		{07ACE27F-4E8E-435B-9974-D767257E57CE}.Release|x64.Build.0 = Release|x64
		{07ACE27F-4E8E-435B-9974-D767257E57CE}.Release|x64.Deploy.0 = Release|x64
		{07ACE27F-4E8E-435B-9974-D767257E57CE}.Release|x86.ActiveCfg = Release|x86
		{07ACE27F-4E8E-435B-9974-D767257E57CE}.Release|x86.Build.0 = Release|x86
		{07ACE27F-4E8E-435B-9974-D767257E57CE}.Release|x86.Deploy.0 = Release|x86
		{C3DFA765-C5F2-4653-8649-5AD6EB88EF49}.Ad-Hoc|Any CPU.ActiveCfg = Release|Any CPU
		{C3DFA765-C5F2-4653-8649-5AD6EB88EF49}.Ad-Hoc|Any CPU.Build.0 = Release|Any CPU
		{C3DFA765-C5F2-4653-8649-5AD6EB88EF49}.Ad-Hoc|Any CPU.Deploy.0 = Release|Any CPU
		{C3DFA765-C5F2-4653-8649-5AD6EB88EF49}.Ad-Hoc|ARM.ActiveCfg = Release|Any CPU
		{C3DFA765-C5F2-4653-8649-5AD6EB88EF49}.Ad-Hoc|iPhone.ActiveCfg = Release|Any CPU
		{C3DFA765-C5F2-4653-8649-5AD6EB88EF49}.Ad-Hoc|iPhoneSimulator.ActiveCfg = Release|Any CPU
		{C3DFA765-C5F2-4653-8649-5AD6EB88EF49}.Ad-Hoc|Mixed Platforms.ActiveCfg = Release|Any CPU
		{C3DFA765-C5F2-4653-8649-5AD6EB88EF49}.Ad-Hoc|Mixed Platforms.Build.0 = Release|Any CPU
		{C3DFA765-C5F2-4653-8649-5AD6EB88EF49}.Ad-Hoc|Mixed Platforms.Deploy.0 = Release|Any CPU
		{C3DFA765-C5F2-4653-8649-5AD6EB88EF49}.Ad-Hoc|x64.ActiveCfg = Release|Any CPU
		{C3DFA765-C5F2-4653-8649-5AD6EB88EF49}.Ad-Hoc|x86.ActiveCfg = Release|Any CPU
		{C3DFA765-C5F2-4653-8649-5AD6EB88EF49}.AppStore|Any CPU.ActiveCfg = Release|Any CPU
		{C3DFA765-C5F2-4653-8649-5AD6EB88EF49}.AppStore|Any CPU.Build.0 = Release|Any CPU
		{C3DFA765-C5F2-4653-8649-5AD6EB88EF49}.AppStore|Any CPU.Deploy.0 = Release|Any CPU
		{C3DFA765-C5F2-4653-8649-5AD6EB88EF49}.AppStore|ARM.ActiveCfg = Release|Any CPU
		{C3DFA765-C5F2-4653-8649-5AD6EB88EF49}.AppStore|iPhone.ActiveCfg = Release|Any CPU
		{C3DFA765-C5F2-4653-8649-5AD6EB88EF49}.AppStore|iPhoneSimulator.ActiveCfg = Release|Any CPU
		{C3DFA765-C5F2-4653-8649-5AD6EB88EF49}.AppStore|Mixed Platforms.ActiveCfg = Release|Any CPU
		{C3DFA765-C5F2-4653-8649-5AD6EB88EF49}.AppStore|Mixed Platforms.Build.0 = Release|Any CPU
		{C3DFA765-C5F2-4653-8649-5AD6EB88EF49}.AppStore|Mixed Platforms.Deploy.0 = Release|Any CPU
		{C3DFA765-C5F2-4653-8649-5AD6EB88EF49}.AppStore|x64.ActiveCfg = Release|Any CPU
		{C3DFA765-C5F2-4653-8649-5AD6EB88EF49}.AppStore|x86.ActiveCfg = Release|Any CPU
		{C3DFA765-C5F2-4653-8649-5AD6EB88EF49}.Debug|Any CPU.ActiveCfg = Debug|Any CPU
		{C3DFA765-C5F2-4653-8649-5AD6EB88EF49}.Debug|Any CPU.Build.0 = Debug|Any CPU
		{C3DFA765-C5F2-4653-8649-5AD6EB88EF49}.Debug|Any CPU.Deploy.0 = Debug|Any CPU
		{C3DFA765-C5F2-4653-8649-5AD6EB88EF49}.Debug|ARM.ActiveCfg = Debug|Any CPU
		{C3DFA765-C5F2-4653-8649-5AD6EB88EF49}.Debug|iPhone.ActiveCfg = Debug|Any CPU
		{C3DFA765-C5F2-4653-8649-5AD6EB88EF49}.Debug|iPhoneSimulator.ActiveCfg = Debug|Any CPU
		{C3DFA765-C5F2-4653-8649-5AD6EB88EF49}.Debug|Mixed Platforms.ActiveCfg = Debug|Any CPU
		{C3DFA765-C5F2-4653-8649-5AD6EB88EF49}.Debug|Mixed Platforms.Build.0 = Debug|Any CPU
		{C3DFA765-C5F2-4653-8649-5AD6EB88EF49}.Debug|Mixed Platforms.Deploy.0 = Debug|Any CPU
		{C3DFA765-C5F2-4653-8649-5AD6EB88EF49}.Debug|x64.ActiveCfg = Debug|Any CPU
		{C3DFA765-C5F2-4653-8649-5AD6EB88EF49}.Debug|x86.ActiveCfg = Debug|Any CPU
		{C3DFA765-C5F2-4653-8649-5AD6EB88EF49}.Release|Any CPU.ActiveCfg = Release|Any CPU
		{C3DFA765-C5F2-4653-8649-5AD6EB88EF49}.Release|Any CPU.Build.0 = Release|Any CPU
		{C3DFA765-C5F2-4653-8649-5AD6EB88EF49}.Release|Any CPU.Deploy.0 = Release|Any CPU
		{C3DFA765-C5F2-4653-8649-5AD6EB88EF49}.Release|ARM.ActiveCfg = Release|Any CPU
		{C3DFA765-C5F2-4653-8649-5AD6EB88EF49}.Release|iPhone.ActiveCfg = Release|Any CPU
		{C3DFA765-C5F2-4653-8649-5AD6EB88EF49}.Release|iPhoneSimulator.ActiveCfg = Release|Any CPU
		{C3DFA765-C5F2-4653-8649-5AD6EB88EF49}.Release|Mixed Platforms.ActiveCfg = Release|Any CPU
		{C3DFA765-C5F2-4653-8649-5AD6EB88EF49}.Release|Mixed Platforms.Build.0 = Release|Any CPU
		{C3DFA765-C5F2-4653-8649-5AD6EB88EF49}.Release|Mixed Platforms.Deploy.0 = Release|Any CPU
		{C3DFA765-C5F2-4653-8649-5AD6EB88EF49}.Release|x64.ActiveCfg = Release|Any CPU
		{C3DFA765-C5F2-4653-8649-5AD6EB88EF49}.Release|x86.ActiveCfg = Release|Any CPU
	EndGlobalSection
	GlobalSection(SolutionProperties) = preSolution
		HideSolutionNode = FALSE
	EndGlobalSection
EndGlobal
